
Microsoft Visual Studio Solution File, Format Version 12.00
# Visual Studio 15
VisualStudioVersion = 15.0.26430.6
MinimumVisualStudioVersion = 10.0.40219.1
Project("{FAE04EC0-301F-11D3-BF4B-00C04F79EFBC}") = "Tvm.Ekart.Web", "Tvm.Ekart.Web\Tvm.Ekart.Web.csproj", "{E4A575EB-36B1-4927-B251-A7554A6C6057}"
EndProject
Project("{FAE04EC0-301F-11D3-BF4B-00C04F79EFBC}") = "Tvm.Ekart.Api", "Tvm.Ekart.Api\Tvm.Ekart.Api.csproj", "{E8F80994-6DD4-49D6-8977-CD0C1FE7413E}"
EndProject
Project("{FAE04EC0-301F-11D3-BF4B-00C04F79EFBC}") = "Tvm.Ekart.Api.Tests", "Tvm.Ekart.Api.Tests\Tvm.Ekart.Api.Tests.csproj", "{4A849421-AD54-4730-91BB-D1BCCB8643F0}"
EndProject
Project("{2150E333-8FDC-42A3-9474-1A3956D46DE8}") = "Presentation", "Presentation", "{278F7B6C-7735-4FA5-A1C9-D8CDE8EAB3FA}"
EndProject
Project("{2150E333-8FDC-42A3-9474-1A3956D46DE8}") = "Persistence", "Persistence", "{1D176C15-A857-4CDC-AD63-939A244A8C02}"
EndProject
Project("{2150E333-8FDC-42A3-9474-1A3956D46DE8}") = "Infrastructure", "Infrastructure", "{890D816E-C5F2-4CE1-856A-5EE3A373A5C7}"
EndProject
Project("{2150E333-8FDC-42A3-9474-1A3956D46DE8}") = "Services", "Services", "{DCA409AE-0373-4EC3-B2CC-66348B7340D9}"
EndProject
Project("{2150E333-8FDC-42A3-9474-1A3956D46DE8}") = "Tests", "Tests", "{80C7E1D2-EBF3-4099-8B48-FB5A35A260CA}"
EndProject
Project("{2150E333-8FDC-42A3-9474-1A3956D46DE8}") = "Core", "Core", "{213B5117-7FE3-4231-BBCD-C7855029486D}"
EndProject
Project("{2150E333-8FDC-42A3-9474-1A3956D46DE8}") = "Common", "Common", "{04119F23-4432-47C5-A7A3-269B3C129377}"
EndProject
Project("{FAE04EC0-301F-11D3-BF4B-00C04F79EFBC}") = "Tvm.Ekart.Utilities", "Tvm.Ekart.Utilities\Tvm.Ekart.Utilities.csproj", "{7BE4AAF0-0E6A-4918-B7FD-2E3720AB7C84}"
EndProject
Project("{FAE04EC0-301F-11D3-BF4B-00C04F79EFBC}") = "Tvm.Ekart.Contracts", "Tvm.Ekart.Contracts\Tvm.Ekart.Contracts.csproj", "{9C5A5827-D802-4770-B9E4-EAA29A928B9A}"
EndProject
Project("{FAE04EC0-301F-11D3-BF4B-00C04F79EFBC}") = "Tvm.Ekart.Dtos", "Tvm.Ekart.Dtos\Tvm.Ekart.Dtos.csproj", "{566C4312-56FF-4016-B8B8-92E2FD4C1982}"
EndProject
Project("{FAE04EC0-301F-11D3-BF4B-00C04F79EFBC}") = "Tvm.Ekart.Entities", "Tvm.Ekart.Entities\Tvm.Ekart.Entities.csproj", "{E953074C-3687-4AD2-A89C-A9C7CFCB42C5}"
EndProject
Project("{FAE04EC0-301F-11D3-BF4B-00C04F79EFBC}") = "Tvm.Ekart.Models", "Tvm.Ekart.Models\Tvm.Ekart.Models.csproj", "{9F171B4F-794F-4DDC-A0D0-934D046A18B9}"
EndProject
Project("{FAE04EC0-301F-11D3-BF4B-00C04F79EFBC}") = "Tvm.Ekart.Data", "Tvm.Ekart.Data\Tvm.Ekart.Data.csproj", "{8558D319-D4C2-4C09-8AA0-F22EB879D78A}"
EndProject
Project("{FAE04EC0-301F-11D3-BF4B-00C04F79EFBC}") = "Tvm.Ekart.Repositories", "Tvm.Ekart.Repositories\Tvm.Ekart.Repositories.csproj", "{288275E8-904E-44A3-8FD3-4333B19A70E7}"
EndProject
Project("{FAE04EC0-301F-11D3-BF4B-00C04F79EFBC}") = "Tvm.Ekart.UnitOfWork", "Tvm.Ekart.UnitOfWork\Tvm.Ekart.UnitOfWork.csproj", "{7A765908-F994-49FD-BB89-156979E5F3F2}"
EndProject
Global
	GlobalSection(SolutionConfigurationPlatforms) = preSolution
		Debug|Any CPU = Debug|Any CPU
		Release|Any CPU = Release|Any CPU
	EndGlobalSection
	GlobalSection(ProjectConfigurationPlatforms) = postSolution
		{E4A575EB-36B1-4927-B251-A7554A6C6057}.Debug|Any CPU.ActiveCfg = Debug|Any CPU
		{E4A575EB-36B1-4927-B251-A7554A6C6057}.Debug|Any CPU.Build.0 = Debug|Any CPU
		{E4A575EB-36B1-4927-B251-A7554A6C6057}.Release|Any CPU.ActiveCfg = Release|Any CPU
		{E4A575EB-36B1-4927-B251-A7554A6C6057}.Release|Any CPU.Build.0 = Release|Any CPU
		{E8F80994-6DD4-49D6-8977-CD0C1FE7413E}.Debug|Any CPU.ActiveCfg = Debug|Any CPU
		{E8F80994-6DD4-49D6-8977-CD0C1FE7413E}.Debug|Any CPU.Build.0 = Debug|Any CPU
		{E8F80994-6DD4-49D6-8977-CD0C1FE7413E}.Release|Any CPU.ActiveCfg = Release|Any CPU
		{E8F80994-6DD4-49D6-8977-CD0C1FE7413E}.Release|Any CPU.Build.0 = Release|Any CPU
		{4A849421-AD54-4730-91BB-D1BCCB8643F0}.Debug|Any CPU.ActiveCfg = Debug|Any CPU
		{4A849421-AD54-4730-91BB-D1BCCB8643F0}.Debug|Any CPU.Build.0 = Debug|Any CPU
		{4A849421-AD54-4730-91BB-D1BCCB8643F0}.Release|Any CPU.ActiveCfg = Release|Any CPU
		{4A849421-AD54-4730-91BB-D1BCCB8643F0}.Release|Any CPU.Build.0 = Release|Any CPU
		{7BE4AAF0-0E6A-4918-B7FD-2E3720AB7C84}.Debug|Any CPU.ActiveCfg = Debug|Any CPU
		{7BE4AAF0-0E6A-4918-B7FD-2E3720AB7C84}.Debug|Any CPU.Build.0 = Debug|Any CPU
		{7BE4AAF0-0E6A-4918-B7FD-2E3720AB7C84}.Release|Any CPU.ActiveCfg = Release|Any CPU
		{7BE4AAF0-0E6A-4918-B7FD-2E3720AB7C84}.Release|Any CPU.Build.0 = Release|Any CPU
		{9C5A5827-D802-4770-B9E4-EAA29A928B9A}.Debug|Any CPU.ActiveCfg = Debug|Any CPU
		{9C5A5827-D802-4770-B9E4-EAA29A928B9A}.Debug|Any CPU.Build.0 = Debug|Any CPU
		{9C5A5827-D802-4770-B9E4-EAA29A928B9A}.Release|Any CPU.ActiveCfg = Release|Any CPU
		{9C5A5827-D802-4770-B9E4-EAA29A928B9A}.Release|Any CPU.Build.0 = Release|Any CPU
		{566C4312-56FF-4016-B8B8-92E2FD4C1982}.Debug|Any CPU.ActiveCfg = Debug|Any CPU
		{566C4312-56FF-4016-B8B8-92E2FD4C1982}.Debug|Any CPU.Build.0 = Debug|Any CPU
		{566C4312-56FF-4016-B8B8-92E2FD4C1982}.Release|Any CPU.ActiveCfg = Release|Any CPU
		{566C4312-56FF-4016-B8B8-92E2FD4C1982}.Release|Any CPU.Build.0 = Release|Any CPU
		{E953074C-3687-4AD2-A89C-A9C7CFCB42C5}.Debug|Any CPU.ActiveCfg = Debug|Any CPU
		{E953074C-3687-4AD2-A89C-A9C7CFCB42C5}.Debug|Any CPU.Build.0 = Debug|Any CPU
		{E953074C-3687-4AD2-A89C-A9C7CFCB42C5}.Release|Any CPU.ActiveCfg = Release|Any CPU
		{E953074C-3687-4AD2-A89C-A9C7CFCB42C5}.Release|Any CPU.Build.0 = Release|Any CPU
		{9F171B4F-794F-4DDC-A0D0-934D046A18B9}.Debug|Any CPU.ActiveCfg = Debug|Any CPU
		{9F171B4F-794F-4DDC-A0D0-934D046A18B9}.Debug|Any CPU.Build.0 = Debug|Any CPU
		{9F171B4F-794F-4DDC-A0D0-934D046A18B9}.Release|Any CPU.ActiveCfg = Release|Any CPU
		{9F171B4F-794F-4DDC-A0D0-934D046A18B9}.Release|Any CPU.Build.0 = Release|Any CPU
		{8558D319-D4C2-4C09-8AA0-F22EB879D78A}.Debug|Any CPU.ActiveCfg = Debug|Any CPU
		{8558D319-D4C2-4C09-8AA0-F22EB879D78A}.Debug|Any CPU.Build.0 = Debug|Any CPU
		{8558D319-D4C2-4C09-8AA0-F22EB879D78A}.Release|Any CPU.ActiveCfg = Release|Any CPU
		{8558D319-D4C2-4C09-8AA0-F22EB879D78A}.Release|Any CPU.Build.0 = Release|Any CPU
		{288275E8-904E-44A3-8FD3-4333B19A70E7}.Debug|Any CPU.ActiveCfg = Debug|Any CPU
		{288275E8-904E-44A3-8FD3-4333B19A70E7}.Debug|Any CPU.Build.0 = Debug|Any CPU
		{288275E8-904E-44A3-8FD3-4333B19A70E7}.Release|Any CPU.ActiveCfg = Release|Any CPU
		{288275E8-904E-44A3-8FD3-4333B19A70E7}.Release|Any CPU.Build.0 = Release|Any CPU
		{7A765908-F994-49FD-BB89-156979E5F3F2}.Debug|Any CPU.ActiveCfg = Debug|Any CPU
		{7A765908-F994-49FD-BB89-156979E5F3F2}.Debug|Any CPU.Build.0 = Debug|Any CPU
		{7A765908-F994-49FD-BB89-156979E5F3F2}.Release|Any CPU.ActiveCfg = Release|Any CPU
		{7A765908-F994-49FD-BB89-156979E5F3F2}.Release|Any CPU.Build.0 = Release|Any CPU
	EndGlobalSection
	GlobalSection(SolutionProperties) = preSolution
		HideSolutionNode = FALSE
	EndGlobalSection
	GlobalSection(NestedProjects) = preSolution
		{E4A575EB-36B1-4927-B251-A7554A6C6057} = {278F7B6C-7735-4FA5-A1C9-D8CDE8EAB3FA}
		{E8F80994-6DD4-49D6-8977-CD0C1FE7413E} = {DCA409AE-0373-4EC3-B2CC-66348B7340D9}
		{4A849421-AD54-4730-91BB-D1BCCB8643F0} = {80C7E1D2-EBF3-4099-8B48-FB5A35A260CA}
		{7BE4AAF0-0E6A-4918-B7FD-2E3720AB7C84} = {04119F23-4432-47C5-A7A3-269B3C129377}
		{9C5A5827-D802-4770-B9E4-EAA29A928B9A} = {213B5117-7FE3-4231-BBCD-C7855029486D}
		{566C4312-56FF-4016-B8B8-92E2FD4C1982} = {213B5117-7FE3-4231-BBCD-C7855029486D}
		{E953074C-3687-4AD2-A89C-A9C7CFCB42C5} = {213B5117-7FE3-4231-BBCD-C7855029486D}
		{9F171B4F-794F-4DDC-A0D0-934D046A18B9} = {213B5117-7FE3-4231-BBCD-C7855029486D}
		{8558D319-D4C2-4C09-8AA0-F22EB879D78A} = {1D176C15-A857-4CDC-AD63-939A244A8C02}
		{288275E8-904E-44A3-8FD3-4333B19A70E7} = {1D176C15-A857-4CDC-AD63-939A244A8C02}
		{7A765908-F994-49FD-BB89-156979E5F3F2} = {1D176C15-A857-4CDC-AD63-939A244A8C02}
	EndGlobalSection
EndGlobal
